
Microsoft Visual Studio Solution File, Format Version 12.00
# Visual Studio Version 16
VisualStudioVersion = 16.0.30503.244
MinimumVisualStudioVersion = 10.0.40219.1
Project("{2150E333-8FDC-42A3-9474-1A3956D46DE8}") = "src", "src", "{1A7B70E1-1C13-4AE9-B4FA-D57C94149EF3}"
EndProject
Project("{2150E333-8FDC-42A3-9474-1A3956D46DE8}") = "Building Blocks", "Building Blocks", "{A4440ECC-16C6-4C3D-B3EE-D0DE068AB7F7}"
EndProject
Project("{2150E333-8FDC-42A3-9474-1A3956D46DE8}") = "Services", "Services", "{222676E6-513C-4C2F-90F7-183393F8CADE}"
EndProject
Project("{2150E333-8FDC-42A3-9474-1A3956D46DE8}") = "Web", "Web", "{39B30236-62BD-43FB-8FCD-5BBE591BDE24}"
EndProject
Project("{2150E333-8FDC-42A3-9474-1A3956D46DE8}") = "Identidade", "Identidade", "{D5170553-BEB1-4CE2-843F-01B685C7B383}"
EndProject
Project("{FAE04EC0-301F-11D3-BF4B-00C04F79EFBC}") = "WDSystem.WorldPremios.Identidade.API", "src\services\WDSystem.WorldPremios.Identidade.API\WDSystem.WorldPremios.Identidade.API.csproj", "{E6368420-C467-4FD3-AFAF-88BBC4F9BE70}"
EndProject
Project("{FAE04EC0-301F-11D3-BF4B-00C04F79EFBC}") = "WDSystem.WorldPremios.WebApp.MVC", "src\web\WDSystem.WorldPremios.WebApp.MVC\WDSystem.WorldPremios.WebApp.MVC.csproj", "{D60536E8-97B5-41EA-8793-887A0B239BD1}"
EndProject
Project("{2150E333-8FDC-42A3-9474-1A3956D46DE8}") = "Core", "Core", "{BFAE4095-2C79-4466-AA82-BE8C5C5CFF90}"
EndProject
Project("{FAE04EC0-301F-11D3-BF4B-00C04F79EFBC}") = "WDSystem.WorldPremios.Core", "src\building blocks\WDSystem.WorldPremios.Core\WDSystem.WorldPremios.Core.csproj", "{73FE7F93-DCB8-4606-8226-8A5F33A2599B}"
EndProject
Project("{2150E333-8FDC-42A3-9474-1A3956D46DE8}") = "Carrinho", "Carrinho", "{B2A9FB8D-C280-407D-859B-B760728C2E56}"
EndProject
Project("{2150E333-8FDC-42A3-9474-1A3956D46DE8}") = "Catalogo", "Catalogo", "{398EDCB8-37CC-47D7-AE20-EE87531A8F07}"
EndProject
Project("{2150E333-8FDC-42A3-9474-1A3956D46DE8}") = "Cliente", "Cliente", "{A2124FB7-72A1-4D49-8EF2-D44241DCF52F}"
EndProject
Project("{2150E333-8FDC-42A3-9474-1A3956D46DE8}") = "Pagamento", "Pagamento", "{7D4A78E5-6A8A-4C23-81D4-F9D89B1EADAF}"
EndProject
Project("{2150E333-8FDC-42A3-9474-1A3956D46DE8}") = "Pedido", "Pedido", "{7AAF7CF6-3EDF-427C-BF5A-D348AA4D1438}"
EndProject
Project("{FAE04EC0-301F-11D3-BF4B-00C04F79EFBC}") = "WDSystem.WorldPremios.Carrinho.API", "src\services\WDSystem.WorldPremios.Carrinho.API\WDSystem.WorldPremios.Carrinho.API.csproj", "{E1C801C8-B410-42A5-A317-EB5430F2BD26}"
EndProject
Project("{FAE04EC0-301F-11D3-BF4B-00C04F79EFBC}") = "WDSystem.WorldPremios.Catalogo.API", "src\services\WDSystem.WorldPremios.Catalogo.API\WDSystem.WorldPremios.Catalogo.API.csproj", "{0041B002-6A7C-4208-867D-61BD5CF05E30}"
EndProject
Project("{FAE04EC0-301F-11D3-BF4B-00C04F79EFBC}") = "WDSystem.WorldPremios.Cliente.API", "src\services\WDSystem.WorldPremios.Cliente.API\WDSystem.WorldPremios.Cliente.API.csproj", "{9B775084-91BF-4040-AF12-791BD9000AB2}"
EndProject
Project("{FAE04EC0-301F-11D3-BF4B-00C04F79EFBC}") = "WDSystem.WorldPremios.Pagamento.API", "src\services\WDSystem.WorldPremios.Pagamento.API\WDSystem.WorldPremios.Pagamento.API.csproj", "{DC15018D-0FD4-445C-8E35-0671838EFCE4}"
EndProject
Project("{FAE04EC0-301F-11D3-BF4B-00C04F79EFBC}") = "WDSystem.WorldPremios.Pedido.API", "src\services\WDSystem.WorldPremios.Pedido.API\WDSystem.WorldPremios.Pedido.API.csproj", "{17B45A02-5B20-40A5-A53D-3EE8BFA8CD2B}"
EndProject
Global
	GlobalSection(SolutionConfigurationPlatforms) = preSolution
		Debug|Any CPU = Debug|Any CPU
		Release|Any CPU = Release|Any CPU
	EndGlobalSection
	GlobalSection(ProjectConfigurationPlatforms) = postSolution
		{E6368420-C467-4FD3-AFAF-88BBC4F9BE70}.Debug|Any CPU.ActiveCfg = Debug|Any CPU
		{E6368420-C467-4FD3-AFAF-88BBC4F9BE70}.Debug|Any CPU.Build.0 = Debug|Any CPU
		{E6368420-C467-4FD3-AFAF-88BBC4F9BE70}.Release|Any CPU.ActiveCfg = Release|Any CPU
		{E6368420-C467-4FD3-AFAF-88BBC4F9BE70}.Release|Any CPU.Build.0 = Release|Any CPU
		{D60536E8-97B5-41EA-8793-887A0B239BD1}.Debug|Any CPU.ActiveCfg = Debug|Any CPU
		{D60536E8-97B5-41EA-8793-887A0B239BD1}.Debug|Any CPU.Build.0 = Debug|Any CPU
		{D60536E8-97B5-41EA-8793-887A0B239BD1}.Release|Any CPU.ActiveCfg = Release|Any CPU
		{D60536E8-97B5-41EA-8793-887A0B239BD1}.Release|Any CPU.Build.0 = Release|Any CPU
		{73FE7F93-DCB8-4606-8226-8A5F33A2599B}.Debug|Any CPU.ActiveCfg = Debug|Any CPU
		{73FE7F93-DCB8-4606-8226-8A5F33A2599B}.Debug|Any CPU.Build.0 = Debug|Any CPU
		{73FE7F93-DCB8-4606-8226-8A5F33A2599B}.Release|Any CPU.ActiveCfg = Release|Any CPU
		{73FE7F93-DCB8-4606-8226-8A5F33A2599B}.Release|Any CPU.Build.0 = Release|Any CPU
		{E1C801C8-B410-42A5-A317-EB5430F2BD26}.Debug|Any CPU.ActiveCfg = Debug|Any CPU
		{E1C801C8-B410-42A5-A317-EB5430F2BD26}.Debug|Any CPU.Build.0 = Debug|Any CPU
		{E1C801C8-B410-42A5-A317-EB5430F2BD26}.Release|Any CPU.ActiveCfg = Release|Any CPU
		{E1C801C8-B410-42A5-A317-EB5430F2BD26}.Release|Any CPU.Build.0 = Release|Any CPU
		{0041B002-6A7C-4208-867D-61BD5CF05E30}.Debug|Any CPU.ActiveCfg = Debug|Any CPU
		{0041B002-6A7C-4208-867D-61BD5CF05E30}.Debug|Any CPU.Build.0 = Debug|Any CPU
		{0041B002-6A7C-4208-867D-61BD5CF05E30}.Release|Any CPU.ActiveCfg = Release|Any CPU
		{0041B002-6A7C-4208-867D-61BD5CF05E30}.Release|Any CPU.Build.0 = Release|Any CPU
		{9B775084-91BF-4040-AF12-791BD9000AB2}.Debug|Any CPU.ActiveCfg = Debug|Any CPU
		{9B775084-91BF-4040-AF12-791BD9000AB2}.Debug|Any CPU.Build.0 = Debug|Any CPU
		{9B775084-91BF-4040-AF12-791BD9000AB2}.Release|Any CPU.ActiveCfg = Release|Any CPU
		{9B775084-91BF-4040-AF12-791BD9000AB2}.Release|Any CPU.Build.0 = Release|Any CPU
		{DC15018D-0FD4-445C-8E35-0671838EFCE4}.Debug|Any CPU.ActiveCfg = Debug|Any CPU
		{DC15018D-0FD4-445C-8E35-0671838EFCE4}.Debug|Any CPU.Build.0 = Debug|Any CPU
		{DC15018D-0FD4-445C-8E35-0671838EFCE4}.Release|Any CPU.ActiveCfg = Release|Any CPU
		{DC15018D-0FD4-445C-8E35-0671838EFCE4}.Release|Any CPU.Build.0 = Release|Any CPU
		{17B45A02-5B20-40A5-A53D-3EE8BFA8CD2B}.Debug|Any CPU.ActiveCfg = Debug|Any CPU
		{17B45A02-5B20-40A5-A53D-3EE8BFA8CD2B}.Debug|Any CPU.Build.0 = Debug|Any CPU
		{17B45A02-5B20-40A5-A53D-3EE8BFA8CD2B}.Release|Any CPU.ActiveCfg = Release|Any CPU
		{17B45A02-5B20-40A5-A53D-3EE8BFA8CD2B}.Release|Any CPU.Build.0 = Release|Any CPU
	EndGlobalSection
	GlobalSection(SolutionProperties) = preSolution
		HideSolutionNode = FALSE
	EndGlobalSection
	GlobalSection(NestedProjects) = preSolution
		{A4440ECC-16C6-4C3D-B3EE-D0DE068AB7F7} = {1A7B70E1-1C13-4AE9-B4FA-D57C94149EF3}
		{222676E6-513C-4C2F-90F7-183393F8CADE} = {1A7B70E1-1C13-4AE9-B4FA-D57C94149EF3}
		{39B30236-62BD-43FB-8FCD-5BBE591BDE24} = {1A7B70E1-1C13-4AE9-B4FA-D57C94149EF3}
		{D5170553-BEB1-4CE2-843F-01B685C7B383} = {222676E6-513C-4C2F-90F7-183393F8CADE}
		{E6368420-C467-4FD3-AFAF-88BBC4F9BE70} = {D5170553-BEB1-4CE2-843F-01B685C7B383}
		{D60536E8-97B5-41EA-8793-887A0B239BD1} = {39B30236-62BD-43FB-8FCD-5BBE591BDE24}
		{BFAE4095-2C79-4466-AA82-BE8C5C5CFF90} = {A4440ECC-16C6-4C3D-B3EE-D0DE068AB7F7}
		{73FE7F93-DCB8-4606-8226-8A5F33A2599B} = {BFAE4095-2C79-4466-AA82-BE8C5C5CFF90}
		{B2A9FB8D-C280-407D-859B-B760728C2E56} = {222676E6-513C-4C2F-90F7-183393F8CADE}
		{398EDCB8-37CC-47D7-AE20-EE87531A8F07} = {222676E6-513C-4C2F-90F7-183393F8CADE}
		{A2124FB7-72A1-4D49-8EF2-D44241DCF52F} = {222676E6-513C-4C2F-90F7-183393F8CADE}
		{7D4A78E5-6A8A-4C23-81D4-F9D89B1EADAF} = {222676E6-513C-4C2F-90F7-183393F8CADE}
		{7AAF7CF6-3EDF-427C-BF5A-D348AA4D1438} = {222676E6-513C-4C2F-90F7-183393F8CADE}
		{E1C801C8-B410-42A5-A317-EB5430F2BD26} = {B2A9FB8D-C280-407D-859B-B760728C2E56}
		{0041B002-6A7C-4208-867D-61BD5CF05E30} = {398EDCB8-37CC-47D7-AE20-EE87531A8F07}
		{9B775084-91BF-4040-AF12-791BD9000AB2} = {A2124FB7-72A1-4D49-8EF2-D44241DCF52F}
		{DC15018D-0FD4-445C-8E35-0671838EFCE4} = {7D4A78E5-6A8A-4C23-81D4-F9D89B1EADAF}
		{17B45A02-5B20-40A5-A53D-3EE8BFA8CD2B} = {7AAF7CF6-3EDF-427C-BF5A-D348AA4D1438}
	EndGlobalSection
	GlobalSection(ExtensibilityGlobals) = postSolution
		SolutionGuid = {98549382-71F5-4A10-879E-3644E96CF5A8}
	EndGlobalSection
EndGlobal
